// !$*UTF8*$!
{
	archiveVersion = 1;
	classes = {
	};
	objectVersion = 46;
	objects = {

/* Begin PBXBuildFile section */
		8B24F83E1B3AEC67007B53A9 /* main.m in Sources */ = {isa = PBXBuildFile; fileRef = 8B24F83D1B3AEC67007B53A9 /* main.m */; };
		8B24F8411B3AEC67007B53A9 /* AppDelegate.m in Sources */ = {isa = PBXBuildFile; fileRef = 8B24F8401B3AEC67007B53A9 /* AppDelegate.m */; };
		8B24F8441B3AEC67007B53A9 /* ViewController.m in Sources */ = {isa = PBXBuildFile; fileRef = 8B24F8431B3AEC67007B53A9 /* ViewController.m */; };
		8B24F8471B3AEC67007B53A9 /* Main.storyboard in Resources */ = {isa = PBXBuildFile; fileRef = 8B24F8451B3AEC67007B53A9 /* Main.storyboard */; };
		8B24F8491B3AEC67007B53A9 /* Images.xcassets in Resources */ = {isa = PBXBuildFile; fileRef = 8B24F8481B3AEC67007B53A9 /* Images.xcassets */; };
		8B24F84C1B3AEC67007B53A9 /* LaunchScreen.xib in Resources */ = {isa = PBXBuildFile; fileRef = 8B24F84A1B3AEC67007B53A9 /* LaunchScreen.xib */; };
		8B24F8581B3AEC67007B53A9 /* TableViewsTests.m in Sources */ = {isa = PBXBuildFile; fileRef = 8B24F8571B3AEC67007B53A9 /* TableViewsTests.m */; };
		8B24F8621B3AEE7D007B53A9 /* episodelist.json in Resources */ = {isa = PBXBuildFile; fileRef = 8B24F8611B3AEE7D007B53A9 /* episodelist.json */; };
/* End PBXBuildFile section */

/* Begin PBXContainerItemProxy section */
		8B24F8521B3AEC67007B53A9 /* PBXContainerItemProxy */ = {
			isa = PBXContainerItemProxy;
			containerPortal = 8B24F8301B3AEC67007B53A9 /* Project object */;
			proxyType = 1;
			remoteGlobalIDString = 8B24F8371B3AEC67007B53A9;
			remoteInfo = TableViews;
		};
/* End PBXContainerItemProxy section */

/* Begin PBXFileReference section */
		8B24F8381B3AEC67007B53A9 /* TableViews.app */ = {isa = PBXFileReference; explicitFileType = wrapper.application; includeInIndex = 0; path = TableViews.app; sourceTree = BUILT_PRODUCTS_DIR; };
		8B24F83C1B3AEC67007B53A9 /* Info.plist */ = {isa = PBXFileReference; lastKnownFileType = text.plist.xml; path = Info.plist; sourceTree = "<group>"; };
		8B24F83D1B3AEC67007B53A9 /* main.m */ = {isa = PBXFileReference; lastKnownFileType = sourcecode.c.objc; path = main.m; sourceTree = "<group>"; };
		8B24F83F1B3AEC67007B53A9 /* AppDelegate.h */ = {isa = PBXFileReference; lastKnownFileType = sourcecode.c.h; path = AppDelegate.h; sourceTree = "<group>"; };
		8B24F8401B3AEC67007B53A9 /* AppDelegate.m */ = {isa = PBXFileReference; lastKnownFileType = sourcecode.c.objc; path = AppDelegate.m; sourceTree = "<group>"; };
		8B24F8421B3AEC67007B53A9 /* ViewController.h */ = {isa = PBXFileReference; lastKnownFileType = sourcecode.c.h; path = ViewController.h; sourceTree = "<group>"; };
		8B24F8431B3AEC67007B53A9 /* ViewController.m */ = {isa = PBXFileReference; lastKnownFileType = sourcecode.c.objc; path = ViewController.m; sourceTree = "<group>"; };
		8B24F8461B3AEC67007B53A9 /* Base */ = {isa = PBXFileReference; lastKnownFileType = file.storyboard; name = Base; path = Base.lproj/Main.storyboard; sourceTree = "<group>"; };
		8B24F8481B3AEC67007B53A9 /* Images.xcassets */ = {isa = PBXFileReference; lastKnownFileType = folder.assetcatalog; path = Images.xcassets; sourceTree = "<group>"; };
		8B24F84B1B3AEC67007B53A9 /* Base */ = {isa = PBXFileReference; lastKnownFileType = file.xib; name = Base; path = Base.lproj/LaunchScreen.xib; sourceTree = "<group>"; };
		8B24F8511B3AEC67007B53A9 /* TableViewsTests.xctest */ = {isa = PBXFileReference; explicitFileType = wrapper.cfbundle; includeInIndex = 0; path = TableViewsTests.xctest; sourceTree = BUILT_PRODUCTS_DIR; };
		8B24F8561B3AEC67007B53A9 /* Info.plist */ = {isa = PBXFileReference; lastKnownFileType = text.plist.xml; path = Info.plist; sourceTree = "<group>"; };
		8B24F8571B3AEC67007B53A9 /* TableViewsTests.m */ = {isa = PBXFileReference; lastKnownFileType = sourcecode.c.objc; path = TableViewsTests.m; sourceTree = "<group>"; };
		8B24F8611B3AEE7D007B53A9 /* episodelist.json */ = {isa = PBXFileReference; fileEncoding = 4; lastKnownFileType = text.json; path = episodelist.json; sourceTree = "<group>"; };
/* End PBXFileReference section */

/* Begin PBXFrameworksBuildPhase section */
		8B24F8351B3AEC67007B53A9 /* Frameworks */ = {
			isa = PBXFrameworksBuildPhase;
			buildActionMask = 2147483647;
			files = (
			);
			runOnlyForDeploymentPostprocessing = 0;
		};
		8B24F84E1B3AEC67007B53A9 /* Frameworks */ = {
			isa = PBXFrameworksBuildPhase;
			buildActionMask = 2147483647;
			files = (
			);
			runOnlyForDeploymentPostprocessing = 0;
		};
/* End PBXFrameworksBuildPhase section */

/* Begin PBXGroup section */
		8B24F82F1B3AEC67007B53A9 = {
			isa = PBXGroup;
			children = (
				8B24F83A1B3AEC67007B53A9 /* TableViews */,
				8B24F8541B3AEC67007B53A9 /* TableViewsTests */,
				8B24F8391B3AEC67007B53A9 /* Products */,
			);
			sourceTree = "<group>";
		};
		8B24F8391B3AEC67007B53A9 /* Products */ = {
			isa = PBXGroup;
			children = (
				8B24F8381B3AEC67007B53A9 /* TableViews.app */,
				8B24F8511B3AEC67007B53A9 /* TableViewsTests.xctest */,
			);
			name = Products;
			sourceTree = "<group>";
		};
		8B24F83A1B3AEC67007B53A9 /* TableViews */ = {
			isa = PBXGroup;
			children = (
				8B24F83F1B3AEC67007B53A9 /* AppDelegate.h */,
				8B24F8401B3AEC67007B53A9 /* AppDelegate.m */,
				8B24F8421B3AEC67007B53A9 /* ViewController.h */,
				8B24F8431B3AEC67007B53A9 /* ViewController.m */,
				8B24F8611B3AEE7D007B53A9 /* episodelist.json */,
				8B24F8451B3AEC67007B53A9 /* Main.storyboard */,
				8B24F8481B3AEC67007B53A9 /* Images.xcassets */,
				8B24F84A1B3AEC67007B53A9 /* LaunchScreen.xib */,
				8B24F83B1B3AEC67007B53A9 /* Supporting Files */,
			);
			path = TableViews;
			sourceTree = "<group>";
		};
		8B24F83B1B3AEC67007B53A9 /* Supporting Files */ = {
			isa = PBXGroup;
			children = (
				8B24F83C1B3AEC67007B53A9 /* Info.plist */,
				8B24F83D1B3AEC67007B53A9 /* main.m */,
			);
			name = "Supporting Files";
			sourceTree = "<group>";
		};
		8B24F8541B3AEC67007B53A9 /* TableViewsTests */ = {
			isa = PBXGroup;
			children = (
				8B24F8571B3AEC67007B53A9 /* TableViewsTests.m */,
				8B24F8551B3AEC67007B53A9 /* Supporting Files */,
			);
			path = TableViewsTests;
			sourceTree = "<group>";
		};
		8B24F8551B3AEC67007B53A9 /* Supporting Files */ = {
			isa = PBXGroup;
			children = (
				8B24F8561B3AEC67007B53A9 /* Info.plist */,
			);
			name = "Supporting Files";
			sourceTree = "<group>";
		};
/* End PBXGroup section */

/* Begin PBXNativeTarget section */
		8B24F8371B3AEC67007B53A9 /* TableViews */ = {
			isa = PBXNativeTarget;
			buildConfigurationList = 8B24F85B1B3AEC67007B53A9 /* Build configuration list for PBXNativeTarget "TableViews" */;
			buildPhases = (
				8B24F8341B3AEC67007B53A9 /* Sources */,
				8B24F8351B3AEC67007B53A9 /* Frameworks */,
				8B24F8361B3AEC67007B53A9 /* Resources */,
			);
			buildRules = (
			);
			dependencies = (
			);
			name = TableViews;
			productName = TableViews;
			productReference = 8B24F8381B3AEC67007B53A9 /* TableViews.app */;
			productType = "com.apple.product-type.application";
		};
		8B24F8501B3AEC67007B53A9 /* TableViewsTests */ = {
			isa = PBXNativeTarget;
			buildConfigurationList = 8B24F85E1B3AEC67007B53A9 /* Build configuration list for PBXNativeTarget "TableViewsTests" */;
			buildPhases = (
				8B24F84D1B3AEC67007B53A9 /* Sources */,
				8B24F84E1B3AEC67007B53A9 /* Frameworks */,
				8B24F84F1B3AEC67007B53A9 /* Resources */,
			);
			buildRules = (
			);
			dependencies = (
				8B24F8531B3AEC67007B53A9 /* PBXTargetDependency */,
			);
			name = TableViewsTests;
			productName = TableViewsTests;
			productReference = 8B24F8511B3AEC67007B53A9 /* TableViewsTests.xctest */;
			productType = "com.apple.product-type.bundle.unit-test";
		};
/* End PBXNativeTarget section */

/* Begin PBXProject section */
		8B24F8301B3AEC67007B53A9 /* Project object */ = {
			isa = PBXProject;
			attributes = {
				LastUpgradeCheck = 0630;
				ORGANIZATIONNAME = "Cory Alder";
				TargetAttributes = {
					8B24F8371B3AEC67007B53A9 = {
						CreatedOnToolsVersion = 6.3.2;
					};
					8B24F8501B3AEC67007B53A9 = {
						CreatedOnToolsVersion = 6.3.2;
						TestTargetID = 8B24F8371B3AEC67007B53A9;
					};
				};
			};
			buildConfigurationList = 8B24F8331B3AEC67007B53A9 /* Build configuration list for PBXProject "TableViews" */;
			compatibilityVersion = "Xcode 3.2";
			developmentRegion = English;
			hasScannedForEncodings = 0;
			knownRegions = (
				en,
				Base,
			);
			mainGroup = 8B24F82F1B3AEC67007B53A9;
			productRefGroup = 8B24F8391B3AEC67007B53A9 /* Products */;
			projectDirPath = "";
			projectRoot = "";
			targets = (
				8B24F8371B3AEC67007B53A9 /* TableViews */,
				8B24F8501B3AEC67007B53A9 /* TableViewsTests */,
			);
		};
/* End PBXProject section */

/* Begin PBXResourcesBuildPhase section */
		8B24F8361B3AEC67007B53A9 /* Resources */ = {
			isa = PBXResourcesBuildPhase;
			buildActionMask = 2147483647;
			files = (
				8B24F8471B3AEC67007B53A9 /* Main.storyboard in Resources */,
				8B24F8621B3AEE7D007B53A9 /* episodelist.json in Resources */,
				8B24F84C1B3AEC67007B53A9 /* LaunchScreen.xib in Resources */,
				8B24F8491B3AEC67007B53A9 /* Images.xcassets in Resources */,
			);
			runOnlyForDeploymentPostprocessing = 0;
		};
		8B24F84F1B3AEC67007B53A9 /* Resources */ = {
			isa = PBXResourcesBuildPhase;
			buildActionMask = 2147483647;
			files = (
			);
			runOnlyForDeploymentPostprocessing = 0;
		};
/* End PBXResourcesBuildPhase section */

/* Begin PBXSourcesBuildPhase section */
		8B24F8341B3AEC67007B53A9 /* Sources */ = {
			isa = PBXSourcesBuildPhase;
			buildActionMask = 2147483647;
			files = (
				8B24F8441B3AEC67007B53A9 /* ViewController.m in Sources */,
				8B24F8411B3AEC67007B53A9 /* AppDelegate.m in Sources */,
				8B24F83E1B3AEC67007B53A9 /* main.m in Sources */,
			);
			runOnlyForDeploymentPostprocessing = 0;
		};
		8B24F84D1B3AEC67007B53A9 /* Sources */ = {
			isa = PBXSourcesBuildPhase;
			buildActionMask = 2147483647;
			files = (
				8B24F8581B3AEC67007B53A9 /* TableViewsTests.m in Sources */,
			);
			runOnlyForDeploymentPostprocessing = 0;
		};
/* End PBXSourcesBuildPhase section */

/* Begin PBXTargetDependency section */
		8B24F8531B3AEC67007B53A9 /* PBXTargetDependency */ = {
			isa = PBXTargetDependency;
			target = 8B24F8371B3AEC67007B53A9 /* TableViews */;
			targetProxy = 8B24F8521B3AEC67007B53A9 /* PBXContainerItemProxy */;
		};
/* End PBXTargetDependency section */

/* Begin PBXVariantGroup section */
		8B24F8451B3AEC67007B53A9 /* Main.storyboard */ = {
			isa = PBXVariantGroup;
			children = (
				8B24F8461B3AEC67007B53A9 /* Base */,
			);
			name = Main.storyboard;
			sourceTree = "<group>";
		};
		8B24F84A1B3AEC67007B53A9 /* LaunchScreen.xib */ = {
			isa = PBXVariantGroup;
			children = (
				8B24F84B1B3AEC67007B53A9 /* Base */,
			);
			name = LaunchScreen.xib;
			sourceTree = "<group>";
		};
/* End PBXVariantGroup section */

/* Begin XCBuildConfiguration section */
		8B24F8591B3AEC67007B53A9 /* Debug */ = {
			isa = XCBuildConfiguration;
			buildSettings = {
				ALWAYS_SEARCH_USER_PATHS = NO;
				CLANG_CXX_LANGUAGE_STANDARD = "gnu++0x";
				CLANG_CXX_LIBRARY = "libc++";
				CLANG_ENABLE_MODULES = YES;
				CLANG_ENABLE_OBJC_ARC = YES;
				CLANG_WARN_BOOL_CONVERSION = YES;
				CLANG_WARN_CONSTANT_CONVERSION = YES;
				CLANG_WARN_DIRECT_OBJC_ISA_USAGE = YES_ERROR;
				CLANG_WARN_EMPTY_BODY = YES;
				CLANG_WARN_ENUM_CONVERSION = YES;
				CLANG_WARN_INT_CONVERSION = YES;
				CLANG_WARN_OBJC_ROOT_CLASS = YES_ERROR;
				CLANG_WARN_UNREACHABLE_CODE = YES;
				CLANG_WARN__DUPLICATE_METHOD_MATCH = YES;
				"CODE_SIGN_IDENTITY[sdk=iphoneos*]" = "iPhone Developer";
				COPY_PHASE_STRIP = NO;
				DEBUG_INFORMATION_FORMAT = "dwarf-with-dsym";
				ENABLE_STRICT_OBJC_MSGSEND = YES;
				GCC_C_LANGUAGE_STANDARD = gnu99;
				GCC_DYNAMIC_NO_PIC = NO;
				GCC_NO_COMMON_BLOCKS = YES;
				GCC_OPTIMIZATION_LEVEL = 0;
				GCC_PREPROCESSOR_DEFINITIONS = (
					"DEBUG=1",
					"$(inherited)",
				);
				GCC_SYMBOLS_PRIVATE_EXTERN = NO;
				GCC_WARN_64_TO_32_BIT_CONVERSION = YES;
				GCC_WARN_ABOUT_RETURN_TYPE = YES_ERROR;
				GCC_WARN_UNDECLARED_SELECTOR = YES;
				GCC_WARN_UNINITIALIZED_AUTOS = YES_AGGRESSIVE;
				GCC_WARN_UNUSED_FUNCTION = YES;
				GCC_WARN_UNUSED_VARIABLE = YES;
				IPHONEOS_DEPLOYMENT_TARGET = 8.3;
				MTL_ENABLE_DEBUG_INFO = YES;
				ONLY_ACTIVE_ARCH = YES;
				SDKROOT = iphoneos;
			};
			name = Debug;
		};
		8B24F85A1B3AEC67007B53A9 /* Release */ = {
			isa = XCBuildConfiguration;
			buildSettings = {
				ALWAYS_SEARCH_USER_PATHS = NO;
				CLANG_CXX_LANGUAGE_STANDARD = "gnu++0x";
				CLANG_CXX_LIBRARY = "libc++";
				CLANG_ENABLE_MODULES = YES;
				CLANG_ENABLE_OBJC_ARC = YES;
				CLANG_WARN_BOOL_CONVERSION = YES;
				CLANG_WARN_CONSTANT_CONVERSION = YES;
				CLANG_WARN_DIRECT_OBJC_ISA_USAGE = YES_ERROR;
				CLANG_WARN_EMPTY_BODY = YES;
				CLANG_WARN_ENUM_CONVERSION = YES;
				CLANG_WARN_INT_CONVERSION = YES;
				CLANG_WARN_OBJC_ROOT_CLASS = YES_ERROR;
				CLANG_WARN_UNREACHABLE_CODE = YES;
				CLANG_WARN__DUPLICATE_METHOD_MATCH = YES;
				"CODE_SIGN_IDENTITY[sdk=iphoneos*]" = "iPhone Developer";
				COPY_PHASE_STRIP = NO;
				DEBUG_INFORMATION_FORMAT = "dwarf-with-dsym";
				ENABLE_NS_ASSERTIONS = NO;
				ENABLE_STRICT_OBJC_MSGSEND = YES;
				GCC_C_LANGUAGE_STANDARD = gnu99;
				GCC_NO_COMMON_BLOCKS = YES;
				GCC_WARN_64_TO_32_BIT_CONVERSION = YES;
				GCC_WARN_ABOUT_RETURN_TYPE = YES_ERROR;
				GCC_WARN_UNDECLARED_SELECTOR = YES;
				GCC_WARN_UNINITIALIZED_AUTOS = YES_AGGRESSIVE;
				GCC_WARN_UNUSED_FUNCTION = YES;
				GCC_WARN_UNUSED_VARIABLE = YES;
				IPHONEOS_DEPLOYMENT_TARGET = 8.3;
				MTL_ENABLE_DEBUG_INFO = NO;
				SDKROOT = iphoneos;
				VALIDATE_PRODUCT = YES;
			};
			name = Release;
		};
		8B24F85C1B3AEC67007B53A9 /* Debug */ = {
			isa = XCBuildConfiguration;
			buildSettings = {
				ASSETCATALOG_COMPILER_APPICON_NAME = AppIcon;
				INFOPLIST_FILE = TableViews/Info.plist;
				LD_RUNPATH_SEARCH_PATHS = "$(inherited) @executable_path/Frameworks";
				PRODUCT_NAME = "$(TARGET_NAME)";
			};
			name = Debug;
		};
		8B24F85D1B3AEC67007B53A9 /* Release */ = {
			isa = XCBuildConfiguration;
			buildSettings = {
				ASSETCATALOG_COMPILER_APPICON_NAME = AppIcon;
				INFOPLIST_FILE = TableViews/Info.plist;
				LD_RUNPATH_SEARCH_PATHS = "$(inherited) @executable_path/Frameworks";
				PRODUCT_NAME = "$(TARGET_NAME)";
			};
			name = Release;
		};
		8B24F85F1B3AEC67007B53A9 /* Debug */ = {
			isa = XCBuildConfiguration;
			buildSettings = {
				BUNDLE_LOADER = "$(TEST_HOST)";
				FRAMEWORK_SEARCH_PATHS = (
					"$(SDKROOT)/Developer/Library/Frameworks",
					"$(inherited)",
				);
				GCC_PREPROCESSOR_DEFINITIONS = (
					"DEBUG=1",
					"$(inherited)",
				);
				INFOPLIST_FILE = TableViewsTests/Info.plist;
				LD_RUNPATH_SEARCH_PATHS = "$(inherited) @executable_path/Frameworks @loader_path/Frameworks";
				PRODUCT_NAME = "$(TARGET_NAME)";
				TEST_HOST = "$(BUILT_PRODUCTS_DIR)/TableViews.app/TableViews";
			};
			name = Debug;
		};
		8B24F8601B3AEC67007B53A9 /* Release */ = {
			isa = XCBuildConfiguration;
			buildSettings = {
				BUNDLE_LOADER = "$(TEST_HOST)";
				FRAMEWORK_SEARCH_PATHS = (
					"$(SDKROOT)/Developer/Library/Frameworks",
					"$(inherited)",
				);
				INFOPLIST_FILE = TableViewsTests/Info.plist;
				LD_RUNPATH_SEARCH_PATHS = "$(inherited) @executable_path/Frameworks @loader_path/Frameworks";
				PRODUCT_NAME = "$(TARGET_NAME)";
				TEST_HOST = "$(BUILT_PRODUCTS_DIR)/TableViews.app/TableViews";
			};
			name = Release;
		};
/* End XCBuildConfiguration section */

/* Begin XCConfigurationList section */
		8B24F8331B3AEC67007B53A9 /* Build configuration list for PBXProject "TableViews" */ = {
			isa = XCConfigurationList;
			buildConfigurations = (
				8B24F8591B3AEC67007B53A9 /* Debug */,
				8B24F85A1B3AEC67007B53A9 /* Release */,
			);
			defaultConfigurationIsVisible = 0;
			defaultConfigurationName = Release;
		};
		8B24F85B1B3AEC67007B53A9 /* Build configuration list for PBXNativeTarget "TableViews" */ = {
			isa = XCConfigurationList;
			buildConfigurations = (
				8B24F85C1B3AEC67007B53A9 /* Debug */,
				8B24F85D1B3AEC67007B53A9 /* Release */,
			);
			defaultConfigurationIsVisible = 0;
		};
		8B24F85E1B3AEC67007B53A9 /* Build configuration list for PBXNativeTarget "TableViewsTests" */ = {
			isa = XCConfigurationList;
			buildConfigurations = (
				8B24F85F1B3AEC67007B53A9 /* Debug */,
				8B24F8601B3AEC67007B53A9 /* Release */,
			);
			defaultConfigurationIsVisible = 0;
		};
/* End XCConfigurationList section */
	};
	rootObject = 8B24F8301B3AEC67007B53A9 /* Project object */;
}
